
Microsoft Visual Studio Solution File, Format Version 12.00
# Visual Studio Version 16
VisualStudioVersion = 16.0.29020.237
MinimumVisualStudioVersion = 10.0.40219.1
Project("{2150E333-8FDC-42A3-9474-1A3956D46DE8}") = "src", "src", "{6FFBA32B-5630-437D-8AEF-9FD1A2E02846}"
EndProject
Project("{2150E333-8FDC-42A3-9474-1A3956D46DE8}") = "test", "test", "{6AB72CD7-A69C-4AFD-86A3-E0D650A98D40}"
EndProject
Project("{FAE04EC0-301F-11D3-BF4B-00C04F79EFBC}") = "ByYsmn.Web.UI", "src\ByYsmn.Web.UI\ByYsmn.Web.UI.csproj", "{3FD65EDE-5D7E-466E-B60D-6ACEB9843610}"
EndProject
Project("{FAE04EC0-301F-11D3-BF4B-00C04F79EFBC}") = "ByYsmn.Entityframework", "src\ByYsmn.Entityframework\ByYsmn.Entityframework.csproj", "{49AEB738-C9BA-4930-92F1-1749DD7B4A2C}"
EndProject
Project("{FAE04EC0-301F-11D3-BF4B-00C04F79EFBC}") = "ByYsmn.Core", "src\ByYsmn.Core\ByYsmn.Core.csproj", "{19B8F20B-DE0B-4B8B-8260-FDC9E5978304}"
EndProject
Project("{FAE04EC0-301F-11D3-BF4B-00C04F79EFBC}") = "ByYsmn.Application", "src\ByYsmn.Application\ByYsmn.Application.csproj", "{5CCC6E44-ED82-4715-A30B-C4EFCB18438F}"
EndProject
Global
	GlobalSection(SolutionConfigurationPlatforms) = preSolution
		Debug|Any CPU = Debug|Any CPU
		Release|Any CPU = Release|Any CPU
	EndGlobalSection
	GlobalSection(ProjectConfigurationPlatforms) = postSolution
		{3FD65EDE-5D7E-466E-B60D-6ACEB9843610}.Debug|Any CPU.ActiveCfg = Debug|Any CPU
		{3FD65EDE-5D7E-466E-B60D-6ACEB9843610}.Debug|Any CPU.Build.0 = Debug|Any CPU
		{3FD65EDE-5D7E-466E-B60D-6ACEB9843610}.Release|Any CPU.ActiveCfg = Release|Any CPU
		{3FD65EDE-5D7E-466E-B60D-6ACEB9843610}.Release|Any CPU.Build.0 = Release|Any CPU
		{49AEB738-C9BA-4930-92F1-1749DD7B4A2C}.Debug|Any CPU.ActiveCfg = Debug|Any CPU
		{49AEB738-C9BA-4930-92F1-1749DD7B4A2C}.Debug|Any CPU.Build.0 = Debug|Any CPU
		{49AEB738-C9BA-4930-92F1-1749DD7B4A2C}.Release|Any CPU.ActiveCfg = Release|Any CPU
		{49AEB738-C9BA-4930-92F1-1749DD7B4A2C}.Release|Any CPU.Build.0 = Release|Any CPU
		{19B8F20B-DE0B-4B8B-8260-FDC9E5978304}.Debug|Any CPU.ActiveCfg = Debug|Any CPU
		{19B8F20B-DE0B-4B8B-8260-FDC9E5978304}.Debug|Any CPU.Build.0 = Debug|Any CPU
		{19B8F20B-DE0B-4B8B-8260-FDC9E5978304}.Release|Any CPU.ActiveCfg = Release|Any CPU
		{19B8F20B-DE0B-4B8B-8260-FDC9E5978304}.Release|Any CPU.Build.0 = Release|Any CPU
		{5CCC6E44-ED82-4715-A30B-C4EFCB18438F}.Debug|Any CPU.ActiveCfg = Debug|Any CPU
		{5CCC6E44-ED82-4715-A30B-C4EFCB18438F}.Debug|Any CPU.Build.0 = Debug|Any CPU
		{5CCC6E44-ED82-4715-A30B-C4EFCB18438F}.Release|Any CPU.ActiveCfg = Release|Any CPU
		{5CCC6E44-ED82-4715-A30B-C4EFCB18438F}.Release|Any CPU.Build.0 = Release|Any CPU
	EndGlobalSection
	GlobalSection(SolutionProperties) = preSolution
		HideSolutionNode = FALSE
	EndGlobalSection
	GlobalSection(NestedProjects) = preSolution
		{3FD65EDE-5D7E-466E-B60D-6ACEB9843610} = {6FFBA32B-5630-437D-8AEF-9FD1A2E02846}
		{49AEB738-C9BA-4930-92F1-1749DD7B4A2C} = {6FFBA32B-5630-437D-8AEF-9FD1A2E02846}
		{19B8F20B-DE0B-4B8B-8260-FDC9E5978304} = {6FFBA32B-5630-437D-8AEF-9FD1A2E02846}
		{5CCC6E44-ED82-4715-A30B-C4EFCB18438F} = {6FFBA32B-5630-437D-8AEF-9FD1A2E02846}
	EndGlobalSection
	GlobalSection(ExtensibilityGlobals) = postSolution
		SolutionGuid = {CE4849CE-EA02-4D82-BB91-9EED1DC8B0E0}
	EndGlobalSection
EndGlobal
